# This file is generated by running "yarn install" inside your project.
# Manual changes might be lost - proceed with caution!

__metadata:
  version: 3

"@nodelib/fs.scandir@npm:2.1.3":
  version: 2.1.3
  resolution: "@nodelib/fs.scandir@npm:2.1.3"
  dependencies:
    "@nodelib/fs.stat": "npm:2.0.3"
    run-parallel: "npm:^1.1.9"
  checksum: d5e81e8aa4d9dffa96889ece754d3d8fa85b83a8d87969c35d348c62bb51106c0f7619c5113c09b834ec038ea85e99facaff4904cf2d98828c0824969c1363ce
  languageName: node
  linkType: hard

"@nodelib/fs.stat@npm:2.0.3, @nodelib/fs.stat@npm:^2.0.2, @nodelib/fs.stat@npm:^2.0.3":
  version: 2.0.3
  resolution: "@nodelib/fs.stat@npm:2.0.3"
  checksum: de906cc5a58d86d0ddecc78894b8af5daeeccf412934b74f4e2be3c361e32b214f4ee3be313a31346ef834b035f3e904418932507f74e3f0c594d94ba5f1e1a4
  languageName: node
  linkType: hard

"@nodelib/fs.walk@npm:^1.2.3":
  version: 1.2.4
  resolution: "@nodelib/fs.walk@npm:1.2.4"
  dependencies:
    "@nodelib/fs.scandir": "npm:2.1.3"
    fastq: "npm:^1.6.0"
  checksum: ba08321f204dbe27b2b6340c559539813580c068a7485067d4656d9b6b7a2391bf5398e2a801341a634cde25288d47f34a804e5c2458b655bdb619b9a7b9354f
  languageName: node
  linkType: hard

"braces@npm:^3.0.1":
  version: 3.0.2
  resolution: "braces@npm:3.0.2"
  dependencies:
    fill-range: "npm:^7.0.1"
  checksum: 54b4fe3c8e9f1a8ebce1754c79bc9fc662fa54bb86696ca35614a958040df2f837134daa6da93961adb207c9533ccddcd5fcd223800fe54c09423f351d361e54
  languageName: node
  linkType: hard

"fast-glob@npm:^3.1.0":
  version: 3.1.0
  resolution: "fast-glob@npm:3.1.0"
  dependencies:
    "@nodelib/fs.stat": "npm:^2.0.2"
    "@nodelib/fs.walk": "npm:^1.2.3"
    glob-parent: "npm:^5.1.0"
    merge2: "npm:^1.3.0"
    micromatch: "npm:^4.0.2"
  checksum: b5e5f504eb6de30b020251e5d09ce3240e782816b953c5defba7db16e2c00cf2dfc8714f7f315ec3c3d6c19ed10836b1c707983ea76fa9397994dcad3835978c
  languageName: node
  linkType: hard

"fastq@npm:^1.6.0":
  version: 1.6.0
  resolution: "fastq@npm:1.6.0"
  dependencies:
    reusify: "npm:^1.0.0"
  checksum: 80812d7a9c69df16edcaf8da14bd9f0a0571a5314e89fe13486fa4d4d41e32f7e62656ae73d0db81cc7b43d66c96a9e09e20bb1d25f7af08a01e1fc476117397
  languageName: node
  linkType: hard

"fill-range@npm:^7.0.1":
  version: 7.0.1
  resolution: "fill-range@npm:7.0.1"
  dependencies:
    to-regex-range: "npm:^5.0.1"
  checksum: 24b3351f8180dc31f2e5742bb13402d58f99cd8fce36d0668f8e1eaa1dd80754fc5d965a2abb98eb75ff6a91cb1e351608601cf34b930fdf50202d61dc047c3a
  languageName: node
  linkType: hard

"glob-parent@npm:^5.1.0":
  version: 5.1.0
  resolution: "glob-parent@npm:5.1.0"
  dependencies:
    is-glob: "npm:^4.0.1"
  checksum: fa1b02ced1be635d5849476e90fc12b01678bd1726aa2cc3a94fb05fb47d02728a7315c1319be8d7cce3a05ccb66127912e46c776d999f3faf0630315d95c01a
  languageName: node
  linkType: hard

"is-extglob@npm:^2.1.1":
  version: 2.1.1
  resolution: "is-extglob@npm:2.1.1"
  checksum: 6272e6560fa7f1bcd911e00dc9b587d7d8e7eddbedf945b489c9a22c4792edd51f94224ee069982e03618c8e9cef55c23c200142f2b4d7b5cbaf613fbcf65ddd
  languageName: node
  linkType: hard

"is-glob@npm:^4.0.1":
  version: 4.0.1
  resolution: "is-glob@npm:4.0.1"
  dependencies:
    is-extglob: "npm:^2.1.1"
  checksum: f9cd5a68c8a2ea0573053a11819a0e79e16f549ec80efa134977004cf8bfa935850de157bb52f29116b33dc0277f29544a70206ec95e27acec01fa4888d019e5
  languageName: node
  linkType: hard

"is-number@npm:^7.0.0":
  version: 7.0.0
  resolution: "is-number@npm:7.0.0"
  checksum: e65c149a8501b2cc8906a39cb0ba9e29c1ad87530a4d8c8b3ba0f3fedebedc4e98d7b6e733da0c4216e7b89b43aa23b05656480a6cd8cfc4a2d2b95ab4d1c178
  languageName: node
  linkType: hard

"merge2@npm:^1.3.0":
  version: 1.3.0
  resolution: "merge2@npm:1.3.0"
  checksum: dbcb0fa83b00cab318e82b8c370d13291a7583d2432521959246fc8048549a3d9c4fec3a7f52d17a2c071499b56dcaacceb9f543c08475235cf99d6b9ff9109f
  languageName: node
  linkType: hard

"micromatch@npm:^4.0.2":
  version: 4.0.2
  resolution: "micromatch@npm:4.0.2"
  dependencies:
    braces: "npm:^3.0.1"
    picomatch: "npm:^2.0.5"
  checksum: b1d0aa38e74bbd99ef769a364327324f1c58ef38de729532cbdb4ff1fb0d47f012f4284745bc3fad69a9939ee5edae48611953b18ae0efa0a0b1c63fae56a2a8
  languageName: node
  linkType: hard

"picomatch@npm:^2.0.5":
  version: 2.1.1
  resolution: "picomatch@npm:2.1.1"
  checksum: 3e66ecc6d57964776c0076f8d7c85f098ba2418b7a3d6766e423bc074320e3f944a377554a0646d321755e8d5ce4978b0cb5d56420fbcdba85ff82c8cc76a61c
  languageName: node
  linkType: hard

"reusify@npm:^1.0.0":
  version: 1.0.4
  resolution: "reusify@npm:1.0.4"
  checksum: 73f05f896cdefea23f5dddb6d30e50fef159ec77f3a239547cff990956e2e70b9f2d6090180fc98f25a3af912bce2544d7cb246d4fa067524c5bcf02f3ac314b
  languageName: node
  linkType: hard

"run-parallel@npm:^1.1.9":
  version: 1.1.9
  resolution: "run-parallel@npm:1.1.9"
  checksum: b0dd73a2dfe893825e5a564cbcd24dae7b2aa35da1068d2d422193d86b7a93a8250091560f12488ff363be9cb89f47b6c7e71b1174c41d9ad90e4ed8bc6ac39a
  languageName: node
  linkType: hard

"to-regex-range@npm:^5.0.1":
  version: 5.0.1
  resolution: "to-regex-range@npm:5.0.1"
  dependencies:
    is-number: "npm:^7.0.0"
  checksum: c873633ac227e4793dd5bbcc14d6e9e4d8e8915dc8dc7b6682ae393cd37d39fb113797cf4dce61863c5bb65d69c48597171d25f867139e00865b1990ff825dfe
  languageName: node
  linkType: hard

"yarn-pnp-bug@workspace:.":
  version: 0.0.0-use.local
  resolution: "yarn-pnp-bug@workspace:."
  dependencies:
    "@nodelib/fs.stat": "npm:^2.0.3"
    fast-glob: "npm:^3.1.0"
  languageName: unknown
  linkType: soft
